Microsoft Visual Studio Solution File, Format Version 12.00
# Visual Studio 2012
Project("{FAE04EC0-301F-11D3-BF4B-00C04F79EFBC}") = "ARPG2DLearning", "ARPG2DLearning.csproj", "{4D64CC4C-E288-477D-9C71-22875ACE604A}"
EndProject
Global
	GlobalSection(SolutionConfigurationPlatforms) = preSolution
	Debug|Any CPU = Debug|Any CPU
	Release|Any CPU = Release|Any CPU
	Tools|Any CPU = Tools|Any CPU
	EndGlobalSection
	GlobalSection(ProjectConfigurationPlatforms) = postSolution
		{4D64CC4C-E288-477D-9C71-22875ACE604A}.Debug|Any CPU.ActiveCfg = Debug|Any CPU
		{4D64CC4C-E288-477D-9C71-22875ACE604A}.Debug|Any CPU.Build.0 = Debug|Any CPU
		{4D64CC4C-E288-477D-9C71-22875ACE604A}.Release|Any CPU.ActiveCfg = Release|Any CPU
		{4D64CC4C-E288-477D-9C71-22875ACE604A}.Release|Any CPU.Build.0 = Release|Any CPU
		{4D64CC4C-E288-477D-9C71-22875ACE604A}.Tools|Any CPU.ActiveCfg = Tools|Any CPU
		{4D64CC4C-E288-477D-9C71-22875ACE604A}.Tools|Any CPU.Build.0 = Tools|Any CPU
	EndGlobalSection
EndGlobal
